// !$*UTF8*$!
{
	archiveVersion = 1;
	classes = {
	};
	objectVersion = 56;
	objects = {

/* Begin PBXBuildFile section */
		0F67CA012B0F7C5000259285 /* AppDelegate.swift in Sources */ = {isa = PBXBuildFile; fileRef = 0F67CA002B0F7C5000259285 /* AppDelegate.swift */; };
		0F67CA032B0F7C5000259285 /* SceneDelegate.swift in Sources */ = {isa = PBXBuildFile; fileRef = 0F67CA022B0F7C5000259285 /* SceneDelegate.swift */; };
		0F67CA0A2B0F7C5200259285 /* Assets.xcassets in Resources */ = {isa = PBXBuildFile; fileRef = 0F67CA092B0F7C5200259285 /* Assets.xcassets */; };
		0F67CA0D2B0F7C5200259285 /* LaunchScreen.storyboard in Resources */ = {isa = PBXBuildFile; fileRef = 0F67CA0B2B0F7C5200259285 /* LaunchScreen.storyboard */; };
		0F67CA182B0F7C5200259285 /* FiveTests.swift in Sources */ = {isa = PBXBuildFile; fileRef = 0F67CA172B0F7C5200259285 /* FiveTests.swift */; };
		0F67CA222B0F7C5200259285 /* FiveUITests.swift in Sources */ = {isa = PBXBuildFile; fileRef = 0F67CA212B0F7C5200259285 /* FiveUITests.swift */; };
		0F67CA242B0F7C5200259285 /* FiveUITestsLaunchTests.swift in Sources */ = {isa = PBXBuildFile; fileRef = 0F67CA232B0F7C5200259285 /* FiveUITestsLaunchTests.swift */; };
		0F67CA3A2B10353800259285 /* BaseViewController.swift in Sources */ = {isa = PBXBuildFile; fileRef = 0F67CA392B10353800259285 /* BaseViewController.swift */; };
		0F67CA3C2B10354200259285 /* BaseView.swift in Sources */ = {isa = PBXBuildFile; fileRef = 0F67CA3B2B10354200259285 /* BaseView.swift */; };
		0F67CA402B1035B800259285 /* LoginViewController.swift in Sources */ = {isa = PBXBuildFile; fileRef = 0F67CA3F2B1035B800259285 /* LoginViewController.swift */; };
		0F67CA422B1035C000259285 /* LoginView.swift in Sources */ = {isa = PBXBuildFile; fileRef = 0F67CA412B1035C000259285 /* LoginView.swift */; };
		0F67CA442B1035CA00259285 /* LoginViewModel.swift in Sources */ = {isa = PBXBuildFile; fileRef = 0F67CA432B1035CA00259285 /* LoginViewModel.swift */; };
		0F67CA472B1036B100259285 /* SnapKit in Frameworks */ = {isa = PBXBuildFile; productRef = 0F67CA462B1036B100259285 /* SnapKit */; };
		0F67CA4A2B1036CA00259285 /* RxCocoa in Frameworks */ = {isa = PBXBuildFile; productRef = 0F67CA492B1036CA00259285 /* RxCocoa */; };
		0F67CA4C2B1036CA00259285 /* RxSwift in Frameworks */ = {isa = PBXBuildFile; productRef = 0F67CA4B2B1036CA00259285 /* RxSwift */; };
		0F67CA512B10617100259285 /* EmailViewController.swift in Sources */ = {isa = PBXBuildFile; fileRef = 0F67CA502B10617100259285 /* EmailViewController.swift */; };
		0F67CA532B10618200259285 /* EmailView.swift in Sources */ = {isa = PBXBuildFile; fileRef = 0F67CA522B10618200259285 /* EmailView.swift */; };
		0F67CA552B10619800259285 /* EmailViewModel.swift in Sources */ = {isa = PBXBuildFile; fileRef = 0F67CA542B10619800259285 /* EmailViewModel.swift */; };
		0F67CA572B1061B300259285 /* PasswordViewController.swift in Sources */ = {isa = PBXBuildFile; fileRef = 0F67CA562B1061B300259285 /* PasswordViewController.swift */; };
		0F67CA592B1061C800259285 /* PasswordView.swift in Sources */ = {isa = PBXBuildFile; fileRef = 0F67CA582B1061C800259285 /* PasswordView.swift */; };
		0F67CA5B2B1061DB00259285 /* PasswordViewModel.swift in Sources */ = {isa = PBXBuildFile; fileRef = 0F67CA5A2B1061DB00259285 /* PasswordViewModel.swift */; };
		0F67CA5D2B10625700259285 /* NicknameViewController.swift in Sources */ = {isa = PBXBuildFile; fileRef = 0F67CA5C2B10625700259285 /* NicknameViewController.swift */; };
		0F67CA5F2B10626000259285 /* NicknameView.swift in Sources */ = {isa = PBXBuildFile; fileRef = 0F67CA5E2B10626000259285 /* NicknameView.swift */; };
		0F67CA612B10626900259285 /* NicknameViewModel.swift in Sources */ = {isa = PBXBuildFile; fileRef = 0F67CA602B10626900259285 /* NicknameViewModel.swift */; };
		0F67CA682B10633D00259285 /* CustomColor.swift in Sources */ = {isa = PBXBuildFile; fileRef = 0F67CA672B10633D00259285 /* CustomColor.swift */; };
		0F67CA6A2B10641000259285 /* CustomFont.swift in Sources */ = {isa = PBXBuildFile; fileRef = 0F67CA692B10641000259285 /* CustomFont.swift */; };
		0F67CA6C2B10644B00259285 /* OK DDUNG.ttf in Resources */ = {isa = PBXBuildFile; fileRef = 0F67CA6B2B10644B00259285 /* OK DDUNG.ttf */; };
		0F67CA702B10646600259285 /* GmarketSansTTFLight.ttf in Resources */ = {isa = PBXBuildFile; fileRef = 0F67CA6D2B10646600259285 /* GmarketSansTTFLight.ttf */; };
		0F67CA712B10646600259285 /* GmarketSansTTFBold.ttf in Resources */ = {isa = PBXBuildFile; fileRef = 0F67CA6E2B10646600259285 /* GmarketSansTTFBold.ttf */; };
		0F67CA722B10646600259285 /* GmarketSansTTFMedium.ttf in Resources */ = {isa = PBXBuildFile; fileRef = 0F67CA6F2B10646600259285 /* GmarketSansTTFMedium.ttf */; };
		0F67CA742B10656B00259285 /* FeedViewController.swift in Sources */ = {isa = PBXBuildFile; fileRef = 0F67CA732B10656B00259285 /* FeedViewController.swift */; };
		0F67CA762B10657300259285 /* FeedView.swift in Sources */ = {isa = PBXBuildFile; fileRef = 0F67CA752B10657300259285 /* FeedView.swift */; };
		0F67CA782B10657D00259285 /* FeedViewModel.swift in Sources */ = {isa = PBXBuildFile; fileRef = 0F67CA772B10657D00259285 /* FeedViewModel.swift */; };
		0F67CA7D2B1065F700259285 /* APIKey.swift in Sources */ = {isa = PBXBuildFile; fileRef = 0F67CA7C2B1065F700259285 /* APIKey.swift */; };
		0F67CA7F2B10660500259285 /* BaseURL.swift in Sources */ = {isa = PBXBuildFile; fileRef = 0F67CA7E2B10660500259285 /* BaseURL.swift */; };
		0F67CA812B10661B00259285 /* .gitignore in Resources */ = {isa = PBXBuildFile; fileRef = 0F67CA802B10661B00259285 /* .gitignore */; };
		0F67CA832B10663700259285 /* FiveError.swift in Sources */ = {isa = PBXBuildFile; fileRef = 0F67CA822B10663700259285 /* FiveError.swift */; };
		0F67CA862B10664C00259285 /* Moya in Frameworks */ = {isa = PBXBuildFile; productRef = 0F67CA852B10664C00259285 /* Moya */; };
		0F67CA882B10667100259285 /* FiveAPI.swift in Sources */ = {isa = PBXBuildFile; fileRef = 0F67CA872B10667000259285 /* FiveAPI.swift */; };
		0F67CA8A2B10669700259285 /* OutputAPIModel.swift in Sources */ = {isa = PBXBuildFile; fileRef = 0F67CA892B10669700259285 /* OutputAPIModel.swift */; };
		0F67CA8C2B1066A500259285 /* InputAPIModel.swift in Sources */ = {isa = PBXBuildFile; fileRef = 0F67CA8B2B1066A500259285 /* InputAPIModel.swift */; };
		0F67CA8E2B10677200259285 /* APIManager.swift in Sources */ = {isa = PBXBuildFile; fileRef = 0F67CA8D2B10677200259285 /* APIManager.swift */; };
		0F7DB6772B133FE400A48828 /* BaseCollectionViewCell.swift in Sources */ = {isa = PBXBuildFile; fileRef = 0F7DB6762B133FE400A48828 /* BaseCollectionViewCell.swift */; };
		0F7DB6792B13639000A48828 /* FeedCollectionViewCell.swift in Sources */ = {isa = PBXBuildFile; fileRef = 0F7DB6782B13639000A48828 /* FeedCollectionViewCell.swift */; };
		0F7DB67E2B13709200A48828 /* CustomPhoto.swift in Sources */ = {isa = PBXBuildFile; fileRef = 0F7DB67D2B13709200A48828 /* CustomPhoto.swift */; };
/* End PBXBuildFile section */

/* Begin PBXContainerItemProxy section */
		0F67CA142B0F7C5200259285 /* PBXContainerItemProxy */ = {
			isa = PBXContainerItemProxy;
			containerPortal = 0F67C9F52B0F7C5000259285 /* Project object */;
			proxyType = 1;
			remoteGlobalIDString = 0F67C9FC2B0F7C5000259285;
			remoteInfo = Five;
		};
		0F67CA1E2B0F7C5200259285 /* PBXContainerItemProxy */ = {
			isa = PBXContainerItemProxy;
			containerPortal = 0F67C9F52B0F7C5000259285 /* Project object */;
			proxyType = 1;
			remoteGlobalIDString = 0F67C9FC2B0F7C5000259285;
			remoteInfo = Five;
		};
/* End PBXContainerItemProxy section */

/* Begin PBXFileReference section */
		0F67C9FD2B0F7C5000259285 /* Five.app */ = {isa = PBXFileReference; explicitFileType = wrapper.application; includeInIndex = 0; path = Five.app; sourceTree = BUILT_PRODUCTS_DIR; };
		0F67CA002B0F7C5000259285 /* AppDelegate.swift */ = {isa = PBXFileReference; lastKnownFileType = sourcecode.swift; path = AppDelegate.swift; sourceTree = "<group>"; };
		0F67CA022B0F7C5000259285 /* SceneDelegate.swift */ = {isa = PBXFileReference; lastKnownFileType = sourcecode.swift; path = SceneDelegate.swift; sourceTree = "<group>"; };
		0F67CA092B0F7C5200259285 /* Assets.xcassets */ = {isa = PBXFileReference; lastKnownFileType = folder.assetcatalog; path = Assets.xcassets; sourceTree = "<group>"; };
		0F67CA0C2B0F7C5200259285 /* Base */ = {isa = PBXFileReference; lastKnownFileType = file.storyboard; name = Base; path = Base.lproj/LaunchScreen.storyboard; sourceTree = "<group>"; };
		0F67CA0E2B0F7C5200259285 /* Info.plist */ = {isa = PBXFileReference; lastKnownFileType = text.plist.xml; path = Info.plist; sourceTree = "<group>"; };
		0F67CA132B0F7C5200259285 /* FiveTests.xctest */ = {isa = PBXFileReference; explicitFileType = wrapper.cfbundle; includeInIndex = 0; path = FiveTests.xctest; sourceTree = BUILT_PRODUCTS_DIR; };
		0F67CA172B0F7C5200259285 /* FiveTests.swift */ = {isa = PBXFileReference; lastKnownFileType = sourcecode.swift; path = FiveTests.swift; sourceTree = "<group>"; };
		0F67CA1D2B0F7C5200259285 /* FiveUITests.xctest */ = {isa = PBXFileReference; explicitFileType = wrapper.cfbundle; includeInIndex = 0; path = FiveUITests.xctest; sourceTree = BUILT_PRODUCTS_DIR; };
		0F67CA212B0F7C5200259285 /* FiveUITests.swift */ = {isa = PBXFileReference; lastKnownFileType = sourcecode.swift; path = FiveUITests.swift; sourceTree = "<group>"; };
		0F67CA232B0F7C5200259285 /* FiveUITestsLaunchTests.swift */ = {isa = PBXFileReference; lastKnownFileType = sourcecode.swift; path = FiveUITestsLaunchTests.swift; sourceTree = "<group>"; };
		0F67CA392B10353800259285 /* BaseViewController.swift */ = {isa = PBXFileReference; lastKnownFileType = sourcecode.swift; path = BaseViewController.swift; sourceTree = "<group>"; };
		0F67CA3B2B10354200259285 /* BaseView.swift */ = {isa = PBXFileReference; lastKnownFileType = sourcecode.swift; path = BaseView.swift; sourceTree = "<group>"; };
		0F67CA3F2B1035B800259285 /* LoginViewController.swift */ = {isa = PBXFileReference; lastKnownFileType = sourcecode.swift; path = LoginViewController.swift; sourceTree = "<group>"; };
		0F67CA412B1035C000259285 /* LoginView.swift */ = {isa = PBXFileReference; lastKnownFileType = sourcecode.swift; path = LoginView.swift; sourceTree = "<group>"; };
		0F67CA432B1035CA00259285 /* LoginViewModel.swift */ = {isa = PBXFileReference; lastKnownFileType = sourcecode.swift; path = LoginViewModel.swift; sourceTree = "<group>"; };
		0F67CA502B10617100259285 /* EmailViewController.swift */ = {isa = PBXFileReference; lastKnownFileType = sourcecode.swift; path = EmailViewController.swift; sourceTree = "<group>"; };
		0F67CA522B10618200259285 /* EmailView.swift */ = {isa = PBXFileReference; lastKnownFileType = sourcecode.swift; path = EmailView.swift; sourceTree = "<group>"; };
		0F67CA542B10619800259285 /* EmailViewModel.swift */ = {isa = PBXFileReference; lastKnownFileType = sourcecode.swift; path = EmailViewModel.swift; sourceTree = "<group>"; };
		0F67CA562B1061B300259285 /* PasswordViewController.swift */ = {isa = PBXFileReference; lastKnownFileType = sourcecode.swift; path = PasswordViewController.swift; sourceTree = "<group>"; };
		0F67CA582B1061C800259285 /* PasswordView.swift */ = {isa = PBXFileReference; lastKnownFileType = sourcecode.swift; path = PasswordView.swift; sourceTree = "<group>"; };
		0F67CA5A2B1061DB00259285 /* PasswordViewModel.swift */ = {isa = PBXFileReference; lastKnownFileType = sourcecode.swift; path = PasswordViewModel.swift; sourceTree = "<group>"; };
		0F67CA5C2B10625700259285 /* NicknameViewController.swift */ = {isa = PBXFileReference; lastKnownFileType = sourcecode.swift; path = NicknameViewController.swift; sourceTree = "<group>"; };
		0F67CA5E2B10626000259285 /* NicknameView.swift */ = {isa = PBXFileReference; lastKnownFileType = sourcecode.swift; path = NicknameView.swift; sourceTree = "<group>"; };
		0F67CA602B10626900259285 /* NicknameViewModel.swift */ = {isa = PBXFileReference; lastKnownFileType = sourcecode.swift; path = NicknameViewModel.swift; sourceTree = "<group>"; };
		0F67CA672B10633D00259285 /* CustomColor.swift */ = {isa = PBXFileReference; lastKnownFileType = sourcecode.swift; path = CustomColor.swift; sourceTree = "<group>"; };
		0F67CA692B10641000259285 /* CustomFont.swift */ = {isa = PBXFileReference; lastKnownFileType = sourcecode.swift; path = CustomFont.swift; sourceTree = "<group>"; };
		0F67CA6B2B10644B00259285 /* OK DDUNG.ttf */ = {isa = PBXFileReference; lastKnownFileType = file; path = "OK DDUNG.ttf"; sourceTree = "<group>"; };
		0F67CA6D2B10646600259285 /* GmarketSansTTFLight.ttf */ = {isa = PBXFileReference; lastKnownFileType = file; path = GmarketSansTTFLight.ttf; sourceTree = "<group>"; };
		0F67CA6E2B10646600259285 /* GmarketSansTTFBold.ttf */ = {isa = PBXFileReference; lastKnownFileType = file; path = GmarketSansTTFBold.ttf; sourceTree = "<group>"; };
		0F67CA6F2B10646600259285 /* GmarketSansTTFMedium.ttf */ = {isa = PBXFileReference; lastKnownFileType = file; path = GmarketSansTTFMedium.ttf; sourceTree = "<group>"; };
		0F67CA732B10656B00259285 /* FeedViewController.swift */ = {isa = PBXFileReference; lastKnownFileType = sourcecode.swift; path = FeedViewController.swift; sourceTree = "<group>"; };
		0F67CA752B10657300259285 /* FeedView.swift */ = {isa = PBXFileReference; lastKnownFileType = sourcecode.swift; path = FeedView.swift; sourceTree = "<group>"; };
		0F67CA772B10657D00259285 /* FeedViewModel.swift */ = {isa = PBXFileReference; lastKnownFileType = sourcecode.swift; path = FeedViewModel.swift; sourceTree = "<group>"; };
		0F67CA7C2B1065F700259285 /* APIKey.swift */ = {isa = PBXFileReference; lastKnownFileType = sourcecode.swift; path = APIKey.swift; sourceTree = "<group>"; };
		0F67CA7E2B10660500259285 /* BaseURL.swift */ = {isa = PBXFileReference; lastKnownFileType = sourcecode.swift; path = BaseURL.swift; sourceTree = "<group>"; };
		0F67CA802B10661B00259285 /* .gitignore */ = {isa = PBXFileReference; lastKnownFileType = text; path = .gitignore; sourceTree = "<group>"; };
		0F67CA822B10663700259285 /* FiveError.swift */ = {isa = PBXFileReference; lastKnownFileType = sourcecode.swift; path = FiveError.swift; sourceTree = "<group>"; };
		0F67CA872B10667000259285 /* FiveAPI.swift */ = {isa = PBXFileReference; lastKnownFileType = sourcecode.swift; path = FiveAPI.swift; sourceTree = "<group>"; };
		0F67CA892B10669700259285 /* OutputAPIModel.swift */ = {isa = PBXFileReference; lastKnownFileType = sourcecode.swift; path = OutputAPIModel.swift; sourceTree = "<group>"; };
		0F67CA8B2B1066A500259285 /* InputAPIModel.swift */ = {isa = PBXFileReference; lastKnownFileType = sourcecode.swift; path = InputAPIModel.swift; sourceTree = "<group>"; };
		0F67CA8D2B10677200259285 /* APIManager.swift */ = {isa = PBXFileReference; lastKnownFileType = sourcecode.swift; path = APIManager.swift; sourceTree = "<group>"; };
		0F7DB6762B133FE400A48828 /* BaseCollectionViewCell.swift */ = {isa = PBXFileReference; lastKnownFileType = sourcecode.swift; path = BaseCollectionViewCell.swift; sourceTree = "<group>"; };
		0F7DB6782B13639000A48828 /* FeedCollectionViewCell.swift */ = {isa = PBXFileReference; lastKnownFileType = sourcecode.swift; path = FeedCollectionViewCell.swift; sourceTree = "<group>"; };
		0F7DB67D2B13709200A48828 /* CustomPhoto.swift */ = {isa = PBXFileReference; lastKnownFileType = sourcecode.swift; path = CustomPhoto.swift; sourceTree = "<group>"; };
/* End PBXFileReference section */

/* Begin PBXFrameworksBuildPhase section */
		0F67C9FA2B0F7C5000259285 /* Frameworks */ = {
			isa = PBXFrameworksBuildPhase;
			buildActionMask = 2147483647;
			files = (
				0F67CA4C2B1036CA00259285 /* RxSwift in Frameworks */,
				0F67CA4A2B1036CA00259285 /* RxCocoa in Frameworks */,
				0F67CA862B10664C00259285 /* Moya in Frameworks */,
				0F67CA472B1036B100259285 /* SnapKit in Frameworks */,
			);
			runOnlyForDeploymentPostprocessing = 0;
		};
		0F67CA102B0F7C5200259285 /* Frameworks */ = {
			isa = PBXFrameworksBuildPhase;
			buildActionMask = 2147483647;
			files = (
			);
			runOnlyForDeploymentPostprocessing = 0;
		};
		0F67CA1A2B0F7C5200259285 /* Frameworks */ = {
			isa = PBXFrameworksBuildPhase;
			buildActionMask = 2147483647;
			files = (
			);
			runOnlyForDeploymentPostprocessing = 0;
		};
/* End PBXFrameworksBuildPhase section */

/* Begin PBXGroup section */
		0F67C9F42B0F7C5000259285 = {
			isa = PBXGroup;
			children = (
				0F67C9FF2B0F7C5000259285 /* Five */,
				0F67CA162B0F7C5200259285 /* FiveTests */,
				0F67CA202B0F7C5200259285 /* FiveUITests */,
				0F67C9FE2B0F7C5000259285 /* Products */,
			);
			sourceTree = "<group>";
		};
		0F67C9FE2B0F7C5000259285 /* Products */ = {
			isa = PBXGroup;
			children = (
				0F67C9FD2B0F7C5000259285 /* Five.app */,
				0F67CA132B0F7C5200259285 /* FiveTests.xctest */,
				0F67CA1D2B0F7C5200259285 /* FiveUITests.xctest */,
			);
			name = Products;
			sourceTree = "<group>";
		};
		0F67C9FF2B0F7C5000259285 /* Five */ = {
			isa = PBXGroup;
			children = (
				0F7DB67C2B13708500A48828 /* Photo */,
				0F67CA662B10632000259285 /* Network */,
				0F67CA652B10631300259285 /* Profile */,
				0F67CA642B10630800259285 /* Feed */,
				0F67CA632B10630200259285 /* Color */,
				0F67CA622B1062FB00259285 /* Font */,
				0F67CA3E2B10356900259285 /* SignUp */,
				0F67CA3D2B10355100259285 /* Login */,
				0F67CA302B0F802600259285 /* Base */,
				0F67CA002B0F7C5000259285 /* AppDelegate.swift */,
				0F67CA022B0F7C5000259285 /* SceneDelegate.swift */,
				0F67CA092B0F7C5200259285 /* Assets.xcassets */,
				0F67CA0B2B0F7C5200259285 /* LaunchScreen.storyboard */,
				0F67CA0E2B0F7C5200259285 /* Info.plist */,
			);
			path = Five;
			sourceTree = "<group>";
		};
		0F67CA162B0F7C5200259285 /* FiveTests */ = {
			isa = PBXGroup;
			children = (
				0F67CA172B0F7C5200259285 /* FiveTests.swift */,
			);
			path = FiveTests;
			sourceTree = "<group>";
		};
		0F67CA202B0F7C5200259285 /* FiveUITests */ = {
			isa = PBXGroup;
			children = (
				0F67CA212B0F7C5200259285 /* FiveUITests.swift */,
				0F67CA232B0F7C5200259285 /* FiveUITestsLaunchTests.swift */,
			);
			path = FiveUITests;
			sourceTree = "<group>";
		};
		0F67CA302B0F802600259285 /* Base */ = {
			isa = PBXGroup;
			children = (
				0F67CA392B10353800259285 /* BaseViewController.swift */,
				0F67CA3B2B10354200259285 /* BaseView.swift */,
				0F7DB6762B133FE400A48828 /* BaseCollectionViewCell.swift */,
			);
			path = Base;
			sourceTree = "<group>";
		};
		0F67CA3D2B10355100259285 /* Login */ = {
			isa = PBXGroup;
			children = (
				0F67CA3F2B1035B800259285 /* LoginViewController.swift */,
				0F67CA412B1035C000259285 /* LoginView.swift */,
				0F67CA432B1035CA00259285 /* LoginViewModel.swift */,
			);
			path = Login;
			sourceTree = "<group>";
		};
		0F67CA3E2B10356900259285 /* SignUp */ = {
			isa = PBXGroup;
			children = (
				0F67CA4F2B10614800259285 /* Nickname */,
				0F67CA4E2B10614100259285 /* Password */,
				0F67CA4D2B10613700259285 /* Email */,
			);
			path = SignUp;
			sourceTree = "<group>";
		};
		0F67CA4D2B10613700259285 /* Email */ = {
			isa = PBXGroup;
			children = (
				0F67CA502B10617100259285 /* EmailViewController.swift */,
				0F67CA522B10618200259285 /* EmailView.swift */,
				0F67CA542B10619800259285 /* EmailViewModel.swift */,
			);
			path = Email;
			sourceTree = "<group>";
		};
		0F67CA4E2B10614100259285 /* Password */ = {
			isa = PBXGroup;
			children = (
				0F67CA562B1061B300259285 /* PasswordViewController.swift */,
				0F67CA582B1061C800259285 /* PasswordView.swift */,
				0F67CA5A2B1061DB00259285 /* PasswordViewModel.swift */,
			);
			path = Password;
			sourceTree = "<group>";
		};
		0F67CA4F2B10614800259285 /* Nickname */ = {
			isa = PBXGroup;
			children = (
				0F67CA5C2B10625700259285 /* NicknameViewController.swift */,
				0F67CA5E2B10626000259285 /* NicknameView.swift */,
				0F67CA602B10626900259285 /* NicknameViewModel.swift */,
			);
			path = Nickname;
			sourceTree = "<group>";
		};
		0F67CA622B1062FB00259285 /* Font */ = {
			isa = PBXGroup;
			children = (
				0F67CA6B2B10644B00259285 /* OK DDUNG.ttf */,
				0F67CA6E2B10646600259285 /* GmarketSansTTFBold.ttf */,
				0F67CA6D2B10646600259285 /* GmarketSansTTFLight.ttf */,
				0F67CA6F2B10646600259285 /* GmarketSansTTFMedium.ttf */,
				0F67CA692B10641000259285 /* CustomFont.swift */,
			);
			path = Font;
			sourceTree = "<group>";
		};
		0F67CA632B10630200259285 /* Color */ = {
			isa = PBXGroup;
			children = (
				0F67CA672B10633D00259285 /* CustomColor.swift */,
			);
			path = Color;
			sourceTree = "<group>";
		};
		0F67CA642B10630800259285 /* Feed */ = {
			isa = PBXGroup;
			children = (
				0F67CA732B10656B00259285 /* FeedViewController.swift */,
				0F67CA752B10657300259285 /* FeedView.swift */,
				0F67CA772B10657D00259285 /* FeedViewModel.swift */,
				0F7DB6782B13639000A48828 /* FeedCollectionViewCell.swift */,
			);
			path = Feed;
			sourceTree = "<group>";
		};
		0F67CA652B10631300259285 /* Profile */ = {
			isa = PBXGroup;
			children = (
			);
			path = Profile;
			sourceTree = "<group>";
		};
		0F67CA662B10632000259285 /* Network */ = {
			isa = PBXGroup;
			children = (
				0F67CA7B2B1065E100259285 /* API */,
				0F67CA7A2B1065CF00259285 /* Key */,
				0F67CA792B1065C900259285 /* Error */,
			);
			path = Network;
			sourceTree = "<group>";
		};
		0F67CA792B1065C900259285 /* Error */ = {
			isa = PBXGroup;
			children = (
				0F67CA822B10663700259285 /* FiveError.swift */,
			);
			path = Error;
			sourceTree = "<group>";
		};
		0F67CA7A2B1065CF00259285 /* Key */ = {
			isa = PBXGroup;
			children = (
				0F67CA7C2B1065F700259285 /* APIKey.swift */,
				0F67CA7E2B10660500259285 /* BaseURL.swift */,
				0F67CA802B10661B00259285 /* .gitignore */,
			);
			path = Key;
			sourceTree = "<group>";
		};
		0F67CA7B2B1065E100259285 /* API */ = {
			isa = PBXGroup;
			children = (
				0F67CA872B10667000259285 /* FiveAPI.swift */,
				0F67CA892B10669700259285 /* OutputAPIModel.swift */,
				0F67CA8B2B1066A500259285 /* InputAPIModel.swift */,
				0F67CA8D2B10677200259285 /* APIManager.swift */,
			);
			path = API;
			sourceTree = "<group>";
		};
		0F7DB67C2B13708500A48828 /* Photo */ = {
			isa = PBXGroup;
			children = (
				0F7DB67D2B13709200A48828 /* CustomPhoto.swift */,
			);
			path = Photo;
			sourceTree = "<group>";
		};
/* End PBXGroup section */

/* Begin PBXNativeTarget section */
		0F67C9FC2B0F7C5000259285 /* Five */ = {
			isa = PBXNativeTarget;
			buildConfigurationList = 0F67CA272B0F7C5200259285 /* Build configuration list for PBXNativeTarget "Five" */;
			buildPhases = (
				0F67C9F92B0F7C5000259285 /* Sources */,
				0F67C9FA2B0F7C5000259285 /* Frameworks */,
				0F67C9FB2B0F7C5000259285 /* Resources */,
			);
			buildRules = (
			);
			dependencies = (
			);
			name = Five;
			packageProductDependencies = (
				0F67CA462B1036B100259285 /* SnapKit */,
				0F67CA492B1036CA00259285 /* RxCocoa */,
				0F67CA4B2B1036CA00259285 /* RxSwift */,
				0F67CA852B10664C00259285 /* Moya */,
			);
			productName = Five;
			productReference = 0F67C9FD2B0F7C5000259285 /* Five.app */;
			productType = "com.apple.product-type.application";
		};
		0F67CA122B0F7C5200259285 /* FiveTests */ = {
			isa = PBXNativeTarget;
			buildConfigurationList = 0F67CA2A2B0F7C5200259285 /* Build configuration list for PBXNativeTarget "FiveTests" */;
			buildPhases = (
				0F67CA0F2B0F7C5200259285 /* Sources */,
				0F67CA102B0F7C5200259285 /* Frameworks */,
				0F67CA112B0F7C5200259285 /* Resources */,
			);
			buildRules = (
			);
			dependencies = (
				0F67CA152B0F7C5200259285 /* PBXTargetDependency */,
			);
			name = FiveTests;
			productName = FiveTests;
			productReference = 0F67CA132B0F7C5200259285 /* FiveTests.xctest */;
			productType = "com.apple.product-type.bundle.unit-test";
		};
		0F67CA1C2B0F7C5200259285 /* FiveUITests */ = {
			isa = PBXNativeTarget;
			buildConfigurationList = 0F67CA2D2B0F7C5200259285 /* Build configuration list for PBXNativeTarget "FiveUITests" */;
			buildPhases = (
				0F67CA192B0F7C5200259285 /* Sources */,
				0F67CA1A2B0F7C5200259285 /* Frameworks */,
				0F67CA1B2B0F7C5200259285 /* Resources */,
			);
			buildRules = (
			);
			dependencies = (
				0F67CA1F2B0F7C5200259285 /* PBXTargetDependency */,
			);
			name = FiveUITests;
			productName = FiveUITests;
			productReference = 0F67CA1D2B0F7C5200259285 /* FiveUITests.xctest */;
			productType = "com.apple.product-type.bundle.ui-testing";
		};
/* End PBXNativeTarget section */

/* Begin PBXProject section */
		0F67C9F52B0F7C5000259285 /* Project object */ = {
			isa = PBXProject;
			attributes = {
				BuildIndependentTargetsInParallel = 1;
				LastSwiftUpdateCheck = 1500;
				LastUpgradeCheck = 1500;
				TargetAttributes = {
					0F67C9FC2B0F7C5000259285 = {
						CreatedOnToolsVersion = 15.0.1;
					};
					0F67CA122B0F7C5200259285 = {
						CreatedOnToolsVersion = 15.0.1;
						TestTargetID = 0F67C9FC2B0F7C5000259285;
					};
					0F67CA1C2B0F7C5200259285 = {
						CreatedOnToolsVersion = 15.0.1;
						TestTargetID = 0F67C9FC2B0F7C5000259285;
					};
				};
			};
			buildConfigurationList = 0F67C9F82B0F7C5000259285 /* Build configuration list for PBXProject "Five" */;
			compatibilityVersion = "Xcode 14.0";
			developmentRegion = en;
			hasScannedForEncodings = 0;
			knownRegions = (
				en,
				Base,
			);
			mainGroup = 0F67C9F42B0F7C5000259285;
			packageReferences = (
				0F67CA452B1036B100259285 /* XCRemoteSwiftPackageReference "SnapKit" */,
				0F67CA482B1036CA00259285 /* XCRemoteSwiftPackageReference "RxSwift" */,
				0F67CA842B10664C00259285 /* XCRemoteSwiftPackageReference "Moya" */,
			);
			productRefGroup = 0F67C9FE2B0F7C5000259285 /* Products */;
			projectDirPath = "";
			projectRoot = "";
			targets = (
				0F67C9FC2B0F7C5000259285 /* Five */,
				0F67CA122B0F7C5200259285 /* FiveTests */,
				0F67CA1C2B0F7C5200259285 /* FiveUITests */,
			);
		};
/* End PBXProject section */

/* Begin PBXResourcesBuildPhase section */
		0F67C9FB2B0F7C5000259285 /* Resources */ = {
			isa = PBXResourcesBuildPhase;
			buildActionMask = 2147483647;
			files = (
				0F67CA6C2B10644B00259285 /* OK DDUNG.ttf in Resources */,
				0F67CA812B10661B00259285 /* .gitignore in Resources */,
				0F67CA702B10646600259285 /* GmarketSansTTFLight.ttf in Resources */,
				0F67CA0D2B0F7C5200259285 /* LaunchScreen.storyboard in Resources */,
				0F67CA0A2B0F7C5200259285 /* Assets.xcassets in Resources */,
				0F67CA712B10646600259285 /* GmarketSansTTFBold.ttf in Resources */,
				0F67CA722B10646600259285 /* GmarketSansTTFMedium.ttf in Resources */,
			);
			runOnlyForDeploymentPostprocessing = 0;
		};
		0F67CA112B0F7C5200259285 /* Resources */ = {
			isa = PBXResourcesBuildPhase;
			buildActionMask = 2147483647;
			files = (
			);
			runOnlyForDeploymentPostprocessing = 0;
		};
		0F67CA1B2B0F7C5200259285 /* Resources */ = {
			isa = PBXResourcesBuildPhase;
			buildActionMask = 2147483647;
			files = (
			);
			runOnlyForDeploymentPostprocessing = 0;
		};
/* End PBXResourcesBuildPhase section */

/* Begin PBXSourcesBuildPhase section */
		0F67C9F92B0F7C5000259285 /* Sources */ = {
			isa = PBXSourcesBuildPhase;
			buildActionMask = 2147483647;
			files = (
				0F67CA762B10657300259285 /* FeedView.swift in Sources */,
				0F7DB67E2B13709200A48828 /* CustomPhoto.swift in Sources */,
				0F67CA402B1035B800259285 /* LoginViewController.swift in Sources */,
				0F7DB6792B13639000A48828 /* FeedCollectionViewCell.swift in Sources */,
				0F67CA5D2B10625700259285 /* NicknameViewController.swift in Sources */,
				0F67CA682B10633D00259285 /* CustomColor.swift in Sources */,
				0F67CA5B2B1061DB00259285 /* PasswordViewModel.swift in Sources */,
				0F67CA742B10656B00259285 /* FeedViewController.swift in Sources */,
				0F67CA7D2B1065F700259285 /* APIKey.swift in Sources */,
				0F67CA512B10617100259285 /* EmailViewController.swift in Sources */,
				0F67CA422B1035C000259285 /* LoginView.swift in Sources */,
				0F67CA592B1061C800259285 /* PasswordView.swift in Sources */,
				0F67CA3A2B10353800259285 /* BaseViewController.swift in Sources */,
				0F67CA572B1061B300259285 /* PasswordViewController.swift in Sources */,
				0F67CA6A2B10641000259285 /* CustomFont.swift in Sources */,
				0F67CA442B1035CA00259285 /* LoginViewModel.swift in Sources */,
				0F67CA832B10663700259285 /* FiveError.swift in Sources */,
				0F67CA3C2B10354200259285 /* BaseView.swift in Sources */,
				0F67CA782B10657D00259285 /* FeedViewModel.swift in Sources */,
				0F67CA8A2B10669700259285 /* OutputAPIModel.swift in Sources */,
				0F67CA012B0F7C5000259285 /* AppDelegate.swift in Sources */,
				0F67CA612B10626900259285 /* NicknameViewModel.swift in Sources */,
				0F67CA8E2B10677200259285 /* APIManager.swift in Sources */,
				0F7DB6772B133FE400A48828 /* BaseCollectionViewCell.swift in Sources */,
				0F67CA882B10667100259285 /* FiveAPI.swift in Sources */,
				0F67CA032B0F7C5000259285 /* SceneDelegate.swift in Sources */,
				0F67CA552B10619800259285 /* EmailViewModel.swift in Sources */,
				0F67CA5F2B10626000259285 /* NicknameView.swift in Sources */,
				0F67CA7F2B10660500259285 /* BaseURL.swift in Sources */,
				0F67CA8C2B1066A500259285 /* InputAPIModel.swift in Sources */,
				0F67CA532B10618200259285 /* EmailView.swift in Sources */,
			);
			runOnlyForDeploymentPostprocessing = 0;
		};
		0F67CA0F2B0F7C5200259285 /* Sources */ = {
			isa = PBXSourcesBuildPhase;
			buildActionMask = 2147483647;
			files = (
				0F67CA182B0F7C5200259285 /* FiveTests.swift in Sources */,
			);
			runOnlyForDeploymentPostprocessing = 0;
		};
		0F67CA192B0F7C5200259285 /* Sources */ = {
			isa = PBXSourcesBuildPhase;
			buildActionMask = 2147483647;
			files = (
				0F67CA242B0F7C5200259285 /* FiveUITestsLaunchTests.swift in Sources */,
				0F67CA222B0F7C5200259285 /* FiveUITests.swift in Sources */,
			);
			runOnlyForDeploymentPostprocessing = 0;
		};
/* End PBXSourcesBuildPhase section */

/* Begin PBXTargetDependency section */
		0F67CA152B0F7C5200259285 /* PBXTargetDependency */ = {
			isa = PBXTargetDependency;
			target = 0F67C9FC2B0F7C5000259285 /* Five */;
			targetProxy = 0F67CA142B0F7C5200259285 /* PBXContainerItemProxy */;
		};
		0F67CA1F2B0F7C5200259285 /* PBXTargetDependency */ = {
			isa = PBXTargetDependency;
			target = 0F67C9FC2B0F7C5000259285 /* Five */;
			targetProxy = 0F67CA1E2B0F7C5200259285 /* PBXContainerItemProxy */;
		};
/* End PBXTargetDependency section */

/* Begin PBXVariantGroup section */
		0F67CA0B2B0F7C5200259285 /* LaunchScreen.storyboard */ = {
			isa = PBXVariantGroup;
			children = (
				0F67CA0C2B0F7C5200259285 /* Base */,
			);
			name = LaunchScreen.storyboard;
			sourceTree = "<group>";
		};
/* End PBXVariantGroup section */

/* Begin XCBuildConfiguration section */
		0F67CA252B0F7C5200259285 /* Debug */ = {
			isa = XCBuildConfiguration;
			buildSettings = {
				ALWAYS_SEARCH_USER_PATHS = NO;
				ASSETCATALOG_COMPILER_GENERATE_SWIFT_ASSET_SYMBOL_EXTENSIONS = YES;
				CLANG_ANALYZER_NONNULL = YES;
				CLANG_ANALYZER_NUMBER_OBJECT_CONVERSION = YES_AGGRESSIVE;
				CLANG_CXX_LANGUAGE_STANDARD = "gnu++20";
				CLANG_ENABLE_MODULES = YES;
				CLANG_ENABLE_OBJC_ARC = YES;
				CLANG_ENABLE_OBJC_WEAK = YES;
				CLANG_WARN_BLOCK_CAPTURE_AUTORELEASING = YES;
				CLANG_WARN_BOOL_CONVERSION = YES;
				CLANG_WARN_COMMA = YES;
				CLANG_WARN_CONSTANT_CONVERSION = YES;
				CLANG_WARN_DEPRECATED_OBJC_IMPLEMENTATIONS = YES;
				CLANG_WARN_DIRECT_OBJC_ISA_USAGE = YES_ERROR;
				CLANG_WARN_DOCUMENTATION_COMMENTS = YES;
				CLANG_WARN_EMPTY_BODY = YES;
				CLANG_WARN_ENUM_CONVERSION = YES;
				CLANG_WARN_INFINITE_RECURSION = YES;
				CLANG_WARN_INT_CONVERSION = YES;
				CLANG_WARN_NON_LITERAL_NULL_CONVERSION = YES;
				CLANG_WARN_OBJC_IMPLICIT_RETAIN_SELF = YES;
				CLANG_WARN_OBJC_LITERAL_CONVERSION = YES;
				CLANG_WARN_OBJC_ROOT_CLASS = YES_ERROR;
				CLANG_WARN_QUOTED_INCLUDE_IN_FRAMEWORK_HEADER = YES;
				CLANG_WARN_RANGE_LOOP_ANALYSIS = YES;
				CLANG_WARN_STRICT_PROTOTYPES = YES;
				CLANG_WARN_SUSPICIOUS_MOVE = YES;
				CLANG_WARN_UNGUARDED_AVAILABILITY = YES_AGGRESSIVE;
				CLANG_WARN_UNREACHABLE_CODE = YES;
				CLANG_WARN__DUPLICATE_METHOD_MATCH = YES;
				COPY_PHASE_STRIP = NO;
				DEBUG_INFORMATION_FORMAT = dwarf;
				ENABLE_STRICT_OBJC_MSGSEND = YES;
				ENABLE_TESTABILITY = YES;
				ENABLE_USER_SCRIPT_SANDBOXING = YES;
				GCC_C_LANGUAGE_STANDARD = gnu17;
				GCC_DYNAMIC_NO_PIC = NO;
				GCC_NO_COMMON_BLOCKS = YES;
				GCC_OPTIMIZATION_LEVEL = 0;
				GCC_PREPROCESSOR_DEFINITIONS = (
					"DEBUG=1",
					"$(inherited)",
				);
				GCC_WARN_64_TO_32_BIT_CONVERSION = YES;
				GCC_WARN_ABOUT_RETURN_TYPE = YES_ERROR;
				GCC_WARN_UNDECLARED_SELECTOR = YES;
				GCC_WARN_UNINITIALIZED_AUTOS = YES_AGGRESSIVE;
				GCC_WARN_UNUSED_FUNCTION = YES;
				GCC_WARN_UNUSED_VARIABLE = YES;
				IPHONEOS_DEPLOYMENT_TARGET = 17.0;
				LOCALIZATION_PREFERS_STRING_CATALOGS = YES;
				MTL_ENABLE_DEBUG_INFO = INCLUDE_SOURCE;
				MTL_FAST_MATH = YES;
				ONLY_ACTIVE_ARCH = YES;
				SDKROOT = iphoneos;
				SWIFT_ACTIVE_COMPILATION_CONDITIONS = "DEBUG $(inherited)";
				SWIFT_OPTIMIZATION_LEVEL = "-Onone";
			};
			name = Debug;
		};
		0F67CA262B0F7C5200259285 /* Release */ = {
			isa = XCBuildConfiguration;
			buildSettings = {
				ALWAYS_SEARCH_USER_PATHS = NO;
				ASSETCATALOG_COMPILER_GENERATE_SWIFT_ASSET_SYMBOL_EXTENSIONS = YES;
				CLANG_ANALYZER_NONNULL = YES;
				CLANG_ANALYZER_NUMBER_OBJECT_CONVERSION = YES_AGGRESSIVE;
				CLANG_CXX_LANGUAGE_STANDARD = "gnu++20";
				CLANG_ENABLE_MODULES = YES;
				CLANG_ENABLE_OBJC_ARC = YES;
				CLANG_ENABLE_OBJC_WEAK = YES;
				CLANG_WARN_BLOCK_CAPTURE_AUTORELEASING = YES;
				CLANG_WARN_BOOL_CONVERSION = YES;
				CLANG_WARN_COMMA = YES;
				CLANG_WARN_CONSTANT_CONVERSION = YES;
				CLANG_WARN_DEPRECATED_OBJC_IMPLEMENTATIONS = YES;
				CLANG_WARN_DIRECT_OBJC_ISA_USAGE = YES_ERROR;
				CLANG_WARN_DOCUMENTATION_COMMENTS = YES;
				CLANG_WARN_EMPTY_BODY = YES;
				CLANG_WARN_ENUM_CONVERSION = YES;
				CLANG_WARN_INFINITE_RECURSION = YES;
				CLANG_WARN_INT_CONVERSION = YES;
				CLANG_WARN_NON_LITERAL_NULL_CONVERSION = YES;
				CLANG_WARN_OBJC_IMPLICIT_RETAIN_SELF = YES;
				CLANG_WARN_OBJC_LITERAL_CONVERSION = YES;
				CLANG_WARN_OBJC_ROOT_CLASS = YES_ERROR;
				CLANG_WARN_QUOTED_INCLUDE_IN_FRAMEWORK_HEADER = YES;
				CLANG_WARN_RANGE_LOOP_ANALYSIS = YES;
				CLANG_WARN_STRICT_PROTOTYPES = YES;
				CLANG_WARN_SUSPICIOUS_MOVE = YES;
				CLANG_WARN_UNGUARDED_AVAILABILITY = YES_AGGRESSIVE;
				CLANG_WARN_UNREACHABLE_CODE = YES;
				CLANG_WARN__DUPLICATE_METHOD_MATCH = YES;
				COPY_PHASE_STRIP = NO;
				DEBUG_INFORMATION_FORMAT = "dwarf-with-dsym";
				ENABLE_NS_ASSERTIONS = NO;
				ENABLE_STRICT_OBJC_MSGSEND = YES;
				ENABLE_USER_SCRIPT_SANDBOXING = YES;
				GCC_C_LANGUAGE_STANDARD = gnu17;
				GCC_NO_COMMON_BLOCKS = YES;
				GCC_WARN_64_TO_32_BIT_CONVERSION = YES;
				GCC_WARN_ABOUT_RETURN_TYPE = YES_ERROR;
				GCC_WARN_UNDECLARED_SELECTOR = YES;
				GCC_WARN_UNINITIALIZED_AUTOS = YES_AGGRESSIVE;
				GCC_WARN_UNUSED_FUNCTION = YES;
				GCC_WARN_UNUSED_VARIABLE = YES;
				IPHONEOS_DEPLOYMENT_TARGET = 17.0;
				LOCALIZATION_PREFERS_STRING_CATALOGS = YES;
				MTL_ENABLE_DEBUG_INFO = NO;
				MTL_FAST_MATH = YES;
				SDKROOT = iphoneos;
				SWIFT_COMPILATION_MODE = wholemodule;
				VALIDATE_PRODUCT = YES;
			};
			name = Release;
		};
		0F67CA282B0F7C5200259285 /* Debug */ = {
			isa = XCBuildConfiguration;
			buildSettings = {
				ASSETCATALOG_COMPILER_APPICON_NAME = AppIcon;
				ASSETCATALOG_COMPILER_GLOBAL_ACCENT_COLOR_NAME = AccentColor;
				CODE_SIGN_STYLE = Automatic;
				CURRENT_PROJECT_VERSION = 1;
				DEVELOPMENT_TEAM = 664ZRFHZS6;
				GENERATE_INFOPLIST_FILE = YES;
				INFOPLIST_FILE = Five/Info.plist;
				INFOPLIST_KEY_UIApplicationSupportsIndirectInputEvents = YES;
				INFOPLIST_KEY_UILaunchStoryboardName = LaunchScreen;
				INFOPLIST_KEY_UISupportedInterfaceOrientations_iPad = "UIInterfaceOrientationPortrait UIInterfaceOrientationPortraitUpsideDown UIInterfaceOrientationLandscapeLeft UIInterfaceOrientationLandscapeRight";
				INFOPLIST_KEY_UISupportedInterfaceOrientations_iPhone = "UIInterfaceOrientationPortrait UIInterfaceOrientationLandscapeLeft UIInterfaceOrientationLandscapeRight";
				LD_RUNPATH_SEARCH_PATHS = (
					"$(inherited)",
					"@executable_path/Frameworks",
				);
				MARKETING_VERSION = 1.0;
				PRODUCT_BUNDLE_IDENTIFIER = com.sesac.Five;
				PRODUCT_NAME = "$(TARGET_NAME)";
				SUPPORTED_PLATFORMS = "iphoneos iphonesimulator";
				SUPPORTS_MACCATALYST = NO;
				SUPPORTS_MAC_DESIGNED_FOR_IPHONE_IPAD = NO;
				SWIFT_EMIT_LOC_STRINGS = YES;
				SWIFT_VERSION = 5.0;
				TARGETED_DEVICE_FAMILY = 1;
			};
			name = Debug;
		};
		0F67CA292B0F7C5200259285 /* Release */ = {
			isa = XCBuildConfiguration;
			buildSettings = {
				ASSETCATALOG_COMPILER_APPICON_NAME = AppIcon;
				ASSETCATALOG_COMPILER_GLOBAL_ACCENT_COLOR_NAME = AccentColor;
				CODE_SIGN_STYLE = Automatic;
				CURRENT_PROJECT_VERSION = 1;
				DEVELOPMENT_TEAM = 664ZRFHZS6;
				GENERATE_INFOPLIST_FILE = YES;
				INFOPLIST_FILE = Five/Info.plist;
				INFOPLIST_KEY_UIApplicationSupportsIndirectInputEvents = YES;
				INFOPLIST_KEY_UILaunchStoryboardName = LaunchScreen;
				INFOPLIST_KEY_UISupportedInterfaceOrientations_iPad = "UIInterfaceOrientationPortrait UIInterfaceOrientationPortraitUpsideDown UIInterfaceOrientationLandscapeLeft UIInterfaceOrientationLandscapeRight";
				INFOPLIST_KEY_UISupportedInterfaceOrientations_iPhone = "UIInterfaceOrientationPortrait UIInterfaceOrientationLandscapeLeft UIInterfaceOrientationLandscapeRight";
				LD_RUNPATH_SEARCH_PATHS = (
					"$(inherited)",
					"@executable_path/Frameworks",
				);
				MARKETING_VERSION = 1.0;
				PRODUCT_BUNDLE_IDENTIFIER = com.sesac.Five;
				PRODUCT_NAME = "$(TARGET_NAME)";
				SUPPORTED_PLATFORMS = "iphoneos iphonesimulator";
				SUPPORTS_MACCATALYST = NO;
				SUPPORTS_MAC_DESIGNED_FOR_IPHONE_IPAD = NO;
				SWIFT_EMIT_LOC_STRINGS = YES;
				SWIFT_VERSION = 5.0;
				TARGETED_DEVICE_FAMILY = 1;
			};
			name = Release;
		};
		0F67CA2B2B0F7C5200259285 /* Debug */ = {
			isa = XCBuildConfiguration;
			buildSettings = {
				ALWAYS_EMBED_SWIFT_STANDARD_LIBRARIES = YES;
				BUNDLE_LOADER = "$(TEST_HOST)";
				CODE_SIGN_STYLE = Automatic;
				CURRENT_PROJECT_VERSION = 1;
				DEVELOPMENT_TEAM = 664ZRFHZS6;
				GENERATE_INFOPLIST_FILE = YES;
				IPHONEOS_DEPLOYMENT_TARGET = 17.0;
				MARKETING_VERSION = 1.0;
				PRODUCT_BUNDLE_IDENTIFIER = com.sesac.FiveTests;
				PRODUCT_NAME = "$(TARGET_NAME)";
				SWIFT_EMIT_LOC_STRINGS = NO;
				SWIFT_VERSION = 5.0;
				TARGETED_DEVICE_FAMILY = "1,2";
				TEST_HOST = "$(BUILT_PRODUCTS_DIR)/Five.app/$(BUNDLE_EXECUTABLE_FOLDER_PATH)/Five";
			};
			name = Debug;
		};
		0F67CA2C2B0F7C5200259285 /* Release */ = {
			isa = XCBuildConfiguration;
			buildSettings = {
				ALWAYS_EMBED_SWIFT_STANDARD_LIBRARIES = YES;
				BUNDLE_LOADER = "$(TEST_HOST)";
				CODE_SIGN_STYLE = Automatic;
				CURRENT_PROJECT_VERSION = 1;
				DEVELOPMENT_TEAM = 664ZRFHZS6;
				GENERATE_INFOPLIST_FILE = YES;
				IPHONEOS_DEPLOYMENT_TARGET = 17.0;
				MARKETING_VERSION = 1.0;
				PRODUCT_BUNDLE_IDENTIFIER = com.sesac.FiveTests;
				PRODUCT_NAME = "$(TARGET_NAME)";
				SWIFT_EMIT_LOC_STRINGS = NO;
				SWIFT_VERSION = 5.0;
				TARGETED_DEVICE_FAMILY = "1,2";
				TEST_HOST = "$(BUILT_PRODUCTS_DIR)/Five.app/$(BUNDLE_EXECUTABLE_FOLDER_PATH)/Five";
			};
			name = Release;
		};
		0F67CA2E2B0F7C5200259285 /* Debug */ = {
			isa = XCBuildConfiguration;
			buildSettings = {
				ALWAYS_EMBED_SWIFT_STANDARD_LIBRARIES = YES;
				CODE_SIGN_STYLE = Automatic;
				CURRENT_PROJECT_VERSION = 1;
				DEVELOPMENT_TEAM = 664ZRFHZS6;
				GENERATE_INFOPLIST_FILE = YES;
				MARKETING_VERSION = 1.0;
				PRODUCT_BUNDLE_IDENTIFIER = com.sesac.FiveUITests;
				PRODUCT_NAME = "$(TARGET_NAME)";
				SWIFT_EMIT_LOC_STRINGS = NO;
				SWIFT_VERSION = 5.0;
				TARGETED_DEVICE_FAMILY = "1,2";
				TEST_TARGET_NAME = Five;
			};
			name = Debug;
		};
		0F67CA2F2B0F7C5200259285 /* Release */ = {
			isa = XCBuildConfiguration;
			buildSettings = {
				ALWAYS_EMBED_SWIFT_STANDARD_LIBRARIES = YES;
				CODE_SIGN_STYLE = Automatic;
				CURRENT_PROJECT_VERSION = 1;
				DEVELOPMENT_TEAM = 664ZRFHZS6;
				GENERATE_INFOPLIST_FILE = YES;
				MARKETING_VERSION = 1.0;
				PRODUCT_BUNDLE_IDENTIFIER = com.sesac.FiveUITests;
				PRODUCT_NAME = "$(TARGET_NAME)";
				SWIFT_EMIT_LOC_STRINGS = NO;
				SWIFT_VERSION = 5.0;
				TARGETED_DEVICE_FAMILY = "1,2";
				TEST_TARGET_NAME = Five;
			};
			name = Release;
		};
/* End XCBuildConfiguration section */

/* Begin XCConfigurationList section */
		0F67C9F82B0F7C5000259285 /* Build configuration list for PBXProject "Five" */ = {
			isa = XCConfigurationList;
			buildConfigurations = (
				0F67CA252B0F7C5200259285 /* Debug */,
				0F67CA262B0F7C5200259285 /* Release */,
			);
			defaultConfigurationIsVisible = 0;
			defaultConfigurationName = Release;
		};
		0F67CA272B0F7C5200259285 /* Build configuration list for PBXNativeTarget "Five" */ = {
			isa = XCConfigurationList;
			buildConfigurations = (
				0F67CA282B0F7C5200259285 /* Debug */,
				0F67CA292B0F7C5200259285 /* Release */,
			);
			defaultConfigurationIsVisible = 0;
			defaultConfigurationName = Release;
		};
		0F67CA2A2B0F7C5200259285 /* Build configuration list for PBXNativeTarget "FiveTests" */ = {
			isa = XCConfigurationList;
			buildConfigurations = (
				0F67CA2B2B0F7C5200259285 /* Debug */,
				0F67CA2C2B0F7C5200259285 /* Release */,
			);
			defaultConfigurationIsVisible = 0;
			defaultConfigurationName = Release;
		};
		0F67CA2D2B0F7C5200259285 /* Build configuration list for PBXNativeTarget "FiveUITests" */ = {
			isa = XCConfigurationList;
			buildConfigurations = (
				0F67CA2E2B0F7C5200259285 /* Debug */,
				0F67CA2F2B0F7C5200259285 /* Release */,
			);
			defaultConfigurationIsVisible = 0;
			defaultConfigurationName = Release;
		};
/* End XCConfigurationList section */

/* Begin XCRemoteSwiftPackageReference section */
		0F67CA452B1036B100259285 /* XCRemoteSwiftPackageReference "SnapKit" */ = {
			isa = XCRemoteSwiftPackageReference;
			repositoryURL = "https://github.com/SnapKit/SnapKit.git";
			requirement = {
				kind = upToNextMajorVersion;
				minimumVersion = 5.6.0;
			};
		};
		0F67CA482B1036CA00259285 /* XCRemoteSwiftPackageReference "RxSwift" */ = {
			isa = XCRemoteSwiftPackageReference;
			repositoryURL = "https://github.com/ReactiveX/RxSwift.git";
			requirement = {
				kind = upToNextMajorVersion;
				minimumVersion = 6.6.0;
			};
		};
		0F67CA842B10664C00259285 /* XCRemoteSwiftPackageReference "Moya" */ = {
			isa = XCRemoteSwiftPackageReference;
			repositoryURL = "https://github.com/Moya/Moya.git";
			requirement = {
				kind = upToNextMajorVersion;
				minimumVersion = 15.0.3;
			};
		};
/* End XCRemoteSwiftPackageReference section */

/* Begin XCSwiftPackageProductDependency section */
		0F67CA462B1036B100259285 /* SnapKit */ = {
			isa = XCSwiftPackageProductDependency;
			package = 0F67CA452B1036B100259285 /* XCRemoteSwiftPackageReference "SnapKit" */;
			productName = SnapKit;
		};
		0F67CA492B1036CA00259285 /* RxCocoa */ = {
			isa = XCSwiftPackageProductDependency;
			package = 0F67CA482B1036CA00259285 /* XCRemoteSwiftPackageReference "RxSwift" */;
			productName = RxCocoa;
		};
		0F67CA4B2B1036CA00259285 /* RxSwift */ = {
			isa = XCSwiftPackageProductDependency;
			package = 0F67CA482B1036CA00259285 /* XCRemoteSwiftPackageReference "RxSwift" */;
			productName = RxSwift;
		};
		0F67CA852B10664C00259285 /* Moya */ = {
			isa = XCSwiftPackageProductDependency;
			package = 0F67CA842B10664C00259285 /* XCRemoteSwiftPackageReference "Moya" */;
			productName = Moya;
		};
/* End XCSwiftPackageProductDependency section */
	};
	rootObject = 0F67C9F52B0F7C5000259285 /* Project object */;
}
